
Microsoft Visual Studio Solution File, Format Version 12.00
# Visual Studio Version 17
VisualStudioVersion = 17.5.33424.131
MinimumVisualStudioVersion = 10.0.40219.1
Project("{FAE04EC0-301F-11D3-BF4B-00C04F79EFBC}") = "Coursework", "Coursework.csproj", "{8C3D83F1-79C5-447A-B324-21E4F37CB54E}"
EndProject
Global
	GlobalSection(SolutionConfigurationPlatforms) = preSolution
		Debug|Any CPU = Debug|Any CPU
		Release|Any CPU = Release|Any CPU
	EndGlobalSection
	GlobalSection(ProjectConfigurationPlatforms) = postSolution
		{8C3D83F1-79C5-447A-B324-21E4F37CB54E}.Debug|Any CPU.ActiveCfg = Debug|Any CPU
		{8C3D83F1-79C5-447A-B324-21E4F37CB54E}.Debug|Any CPU.Build.0 = Debug|Any CPU
		{8C3D83F1-79C5-447A-B324-21E4F37CB54E}.Release|Any CPU.ActiveCfg = Release|Any CPU
		{8C3D83F1-79C5-447A-B324-21E4F37CB54E}.Release|Any CPU.Build.0 = Release|Any CPU
	EndGlobalSection
	GlobalSection(SolutionProperties) = preSolution
		HideSolutionNode = FALSE
	EndGlobalSection
	GlobalSection(ExtensibilityGlobals) = postSolution
		SolutionGuid = {FA87C955-17FA-423D-A4D0-EF7331D258FF}
	EndGlobalSection
EndGlobal
